
Microsoft Visual Studio Solution File, Format Version 12.00
# Visual Studio 14
VisualStudioVersion = 14.0.24720.0
MinimumVisualStudioVersion = 10.0.40219.1
Project("{2150E333-8FDC-42A3-9474-1A3956D46DE8}") = "src", "src", "{88123CFF-5CC8-4D61-AD69-73C49A2F37CC}"
EndProject
Project("{2150E333-8FDC-42A3-9474-1A3956D46DE8}") = "Solution Items", "Solution Items", "{49E4DD15-E502-4644-BECE-D2A63FDC954B}"
	ProjectSection(SolutionItems) = preProject
		global.json = global.json
	EndProjectSection
EndProject
Project("{8BB2217D-0F2D-49D1-97BC-3654ED321F3B}") = "AdventureArchive", "src\AdventureArchive\AdventureArchive.xproj", "{C6A52401-DAC7-4DC4-AF52-4A1167711F5B}"
EndProject
Global
	GlobalSection(SolutionConfigurationPlatforms) = preSolution
		Debug|Any CPU = Debug|Any CPU
		Release|Any CPU = Release|Any CPU
	EndGlobalSection
	GlobalSection(ProjectConfigurationPlatforms) = postSolution
		{C6A52401-DAC7-4DC4-AF52-4A1167711F5B}.Debug|Any CPU.ActiveCfg = Debug|Any CPU
		{C6A52401-DAC7-4DC4-AF52-4A1167711F5B}.Debug|Any CPU.Build.0 = Debug|Any CPU
		{C6A52401-DAC7-4DC4-AF52-4A1167711F5B}.Release|Any CPU.ActiveCfg = Release|Any CPU
		{C6A52401-DAC7-4DC4-AF52-4A1167711F5B}.Release|Any CPU.Build.0 = Release|Any CPU
	EndGlobalSection
	GlobalSection(SolutionProperties) = preSolution
		HideSolutionNode = FALSE
	EndGlobalSection
	GlobalSection(NestedProjects) = preSolution
		{C6A52401-DAC7-4DC4-AF52-4A1167711F5B} = {88123CFF-5CC8-4D61-AD69-73C49A2F37CC}
	EndGlobalSection
EndGlobal
